
Microsoft Visual Studio Solution File, Format Version 12.00
# Visual Studio Version 16
VisualStudioVersion = 16.0.28803.202
MinimumVisualStudioVersion = 10.0.40219.1
Project("{FAE04EC0-301F-11D3-BF4B-00C04F79EFBC}") = "Multithreading1", "Multithreading1\Multithreading1.csproj", "{AB9C1AAD-6F1C-4B78-AB8C-EA0F9797E04D}"
EndProject
Project("{FAE04EC0-301F-11D3-BF4B-00C04F79EFBC}") = "AsyncTest", "AsyncTest\AsyncTest.csproj", "{B5EC4E12-AE8D-42BE-9FC3-C4DF0E9224DF}"
EndProject
Global
	GlobalSection(SolutionConfigurationPlatforms) = preSolution
		Debug|Any CPU = Debug|Any CPU
		Release|Any CPU = Release|Any CPU
	EndGlobalSection
	GlobalSection(ProjectConfigurationPlatforms) = postSolution
		{AB9C1AAD-6F1C-4B78-AB8C-EA0F9797E04D}.Debug|Any CPU.ActiveCfg = Debug|Any CPU
		{AB9C1AAD-6F1C-4B78-AB8C-EA0F9797E04D}.Debug|Any CPU.Build.0 = Debug|Any CPU
		{AB9C1AAD-6F1C-4B78-AB8C-EA0F9797E04D}.Release|Any CPU.ActiveCfg = Release|Any CPU
		{AB9C1AAD-6F1C-4B78-AB8C-EA0F9797E04D}.Release|Any CPU.Build.0 = Release|Any CPU
		{B5EC4E12-AE8D-42BE-9FC3-C4DF0E9224DF}.Debug|Any CPU.ActiveCfg = Debug|Any CPU
		{B5EC4E12-AE8D-42BE-9FC3-C4DF0E9224DF}.Debug|Any CPU.Build.0 = Debug|Any CPU
		{B5EC4E12-AE8D-42BE-9FC3-C4DF0E9224DF}.Release|Any CPU.ActiveCfg = Release|Any CPU
		{B5EC4E12-AE8D-42BE-9FC3-C4DF0E9224DF}.Release|Any CPU.Build.0 = Release|Any CPU
	EndGlobalSection
	GlobalSection(SolutionProperties) = preSolution
		HideSolutionNode = FALSE
	EndGlobalSection
	GlobalSection(ExtensibilityGlobals) = postSolution
		SolutionGuid = {828C5E7C-E1DE-46CB-BFE6-43BA51340D97}
	EndGlobalSection
EndGlobal
